{
  "originHash" : "60679a4eea2a509ce02fe4915a8cb469e4a0ee79c1cde374eaa53a39e63ce531",
  "pins" : [
    {
      "identity" : "swift-asn1",
      "kind" : "remoteSourceControl",
      "location" : "https://github.com/1amageek/swift-asn1.git",
      "state" : {
        "revision" : "4e0ccf0ef38a6ec1ef13dac12ba056f19f1576e6",
        "version" : "1.7.2"
      }
    },
    {
      "identity" : "swift-certificates",
      "kind" : "remoteSourceControl",
      "location" : "https://github.com/1amageek/swift-certificates.git",
      "state" : {
        "revision" : "eba1858a1dfe28d8ab8da0dd7df0fca4da254544",
        "version" : "1.19.3"
      }
    },
    {
      "identity" : "swift-crypto",
      "kind" : "remoteSourceControl",
      "location" : "https://github.com/1amageek/swift-crypto.git",
      "state" : {
        "revision" : "ac04e09b8621a4858dd4b1f2d595fc06a9ca5b11",
        "version" : "4.5.2"
      }
    },
    {
      "identity" : "swift-ssl",
      "kind" : "remoteSourceControl",
      "location" : "https://github.com/1amageek/swift-ssl.git",
      "state" : {
        "revision" : "7ab60869a0689e2579a82c689581eae3bdfa4a68",
        "version" : "0.1.1"
      }
    },
    {
      "identity" : "swift-tls-types",
      "kind" : "remoteSourceControl",
      "location" : "https://github.com/1amageek/swift-tls-types.git",
      "state" : {
        "revision" : "4d907570d4e23ed918a281cb4ef27ef77e1d8b98",
        "version" : "0.1.0"
      }
    }
  ],
  "version" : 3
}
